# This file is automatically @generated by Cargo.
# It is not intended for manual editing.
version = 4

[[package]]
name = "ab"
version = "0.1.0"
dependencies = [
 "ab-core",
]

[[package]]
name = "ab-core"
version = "0.1.0"

[[package]]
name = "ab-tui"
version = "0.1.0"
dependencies = [
 "ab-core",
]
